
Microsoft Visual Studio Solution File, Format Version 12.00
# Visual Studio 15
VisualStudioVersion = 15.0.28010.2036
MinimumVisualStudioVersion = 10.0.40219.1
Project("{FAE04EC0-301F-11D3-BF4B-00C04F79EFBC}") = "WorkoutApp.Android", "WorkoutApp\WorkoutApp.Android\WorkoutApp.Android.csproj", "{8C57566E-66C7-4711-B1D0-BBBDCCBFA765}"
EndProject
Project("{FAE04EC0-301F-11D3-BF4B-00C04F79EFBC}") = "WorkoutApp.iOS", "WorkoutApp\WorkoutApp.iOS\WorkoutApp.iOS.csproj", "{08573307-57AA-491B-950A-7E9F02AD23A2}"
EndProject
Project("{FAE04EC0-301F-11D3-BF4B-00C04F79EFBC}") = "WorkoutApp.UWP", "WorkoutApp\WorkoutApp.UWP\WorkoutApp.UWP.csproj", "{BD0419C0-0F93-4CF0-A64B-6A94CBC30A22}"
EndProject
Project("{D954291E-2A0B-460D-934E-DC6B0785DB48}") = "WorkoutApp", "WorkoutApp\WorkoutApp\WorkoutApp.shproj", "{D8F545BC-FFA0-4E32-84B8-5C2116609688}"
EndProject
Global
	GlobalSection(SharedMSBuildProjectFiles) = preSolution
		WorkoutApp\WorkoutApp\WorkoutApp.projitems*{08573307-57aa-491b-950a-7e9f02ad23a2}*SharedItemsImports = 4
		WorkoutApp\WorkoutApp\WorkoutApp.projitems*{8c57566e-66c7-4711-b1d0-bbbdccbfa765}*SharedItemsImports = 4
		WorkoutApp\WorkoutApp\WorkoutApp.projitems*{bd0419c0-0f93-4cf0-a64b-6a94cbc30a22}*SharedItemsImports = 4
		WorkoutApp\WorkoutApp\WorkoutApp.projitems*{d8f545bc-ffa0-4e32-84b8-5c2116609688}*SharedItemsImports = 13
	EndGlobalSection
	GlobalSection(SolutionConfigurationPlatforms) = preSolution
		Ad-Hoc|Any CPU = Ad-Hoc|Any CPU
		Ad-Hoc|ARM = Ad-Hoc|ARM
		Ad-Hoc|iPhone = Ad-Hoc|iPhone
		Ad-Hoc|iPhoneSimulator = Ad-Hoc|iPhoneSimulator
		Ad-Hoc|x64 = Ad-Hoc|x64
		Ad-Hoc|x86 = Ad-Hoc|x86
		AppStore|Any CPU = AppStore|Any CPU
		AppStore|ARM = AppStore|ARM
		AppStore|iPhone = AppStore|iPhone
		AppStore|iPhoneSimulator = AppStore|iPhoneSimulator
		AppStore|x64 = AppStore|x64
		AppStore|x86 = AppStore|x86
		Debug|Any CPU = Debug|Any CPU
		Debug|ARM = Debug|ARM
		Debug|iPhone = Debug|iPhone
		Debug|iPhoneSimulator = Debug|iPhoneSimulator
		Debug|x64 = Debug|x64
		Debug|x86 = Debug|x86
		Release|Any CPU = Release|Any CPU
		Release|ARM = Release|ARM
		Release|iPhone = Release|iPhone
		Release|iPhoneSimulator = Release|iPhoneSimulator
		Release|x64 = Release|x64
		Release|x86 = Release|x86
	EndGlobalSection
	GlobalSection(ProjectConfigurationPlatforms) = postSolution
		{8C57566E-66C7-4711-B1D0-BBBDCCBFA765}.Ad-Hoc|Any CPU.ActiveCfg = Release|Any CPU
		{8C57566E-66C7-4711-B1D0-BBBDCCBFA765}.Ad-Hoc|Any CPU.Build.0 = Release|Any CPU
		{8C57566E-66C7-4711-B1D0-BBBDCCBFA765}.Ad-Hoc|Any CPU.Deploy.0 = Release|Any CPU
		{8C57566E-66C7-4711-B1D0-BBBDCCBFA765}.Ad-Hoc|ARM.ActiveCfg = Release|Any CPU
		{8C57566E-66C7-4711-B1D0-BBBDCCBFA765}.Ad-Hoc|ARM.Build.0 = Release|Any CPU
		{8C57566E-66C7-4711-B1D0-BBBDCCBFA765}.Ad-Hoc|ARM.Deploy.0 = Release|Any CPU
		{8C57566E-66C7-4711-B1D0-BBBDCCBFA765}.Ad-Hoc|iPhone.ActiveCfg = Release|Any CPU
		{8C57566E-66C7-4711-B1D0-BBBDCCBFA765}.Ad-Hoc|iPhone.Build.0 = Release|Any CPU
		{8C57566E-66C7-4711-B1D0-BBBDCCBFA765}.Ad-Hoc|iPhone.Deploy.0 = Release|Any CPU
		{8C57566E-66C7-4711-B1D0-BBBDCCBFA765}.Ad-Hoc|iPhoneSimulator.ActiveCfg = Release|Any CPU
		{8C57566E-66C7-4711-B1D0-BBBDCCBFA765}.Ad-Hoc|iPhoneSimulator.Build.0 = Release|Any CPU
		{8C57566E-66C7-4711-B1D0-BBBDCCBFA765}.Ad-Hoc|iPhoneSimulator.Deploy.0 = Release|Any CPU
		{8C57566E-66C7-4711-B1D0-BBBDCCBFA765}.Ad-Hoc|x64.ActiveCfg = Release|Any CPU
		{8C57566E-66C7-4711-B1D0-BBBDCCBFA765}.Ad-Hoc|x64.Build.0 = Release|Any CPU
		{8C57566E-66C7-4711-B1D0-BBBDCCBFA765}.Ad-Hoc|x64.Deploy.0 = Release|Any CPU
		{8C57566E-66C7-4711-B1D0-BBBDCCBFA765}.Ad-Hoc|x86.ActiveCfg = Release|Any CPU
		{8C57566E-66C7-4711-B1D0-BBBDCCBFA765}.Ad-Hoc|x86.Build.0 = Release|Any CPU
		{8C57566E-66C7-4711-B1D0-BBBDCCBFA765}.Ad-Hoc|x86.Deploy.0 = Release|Any CPU
		{8C57566E-66C7-4711-B1D0-BBBDCCBFA765}.AppStore|Any CPU.ActiveCfg = Release|Any CPU
		{8C57566E-66C7-4711-B1D0-BBBDCCBFA765}.AppStore|Any CPU.Build.0 = Release|Any CPU
		{8C57566E-66C7-4711-B1D0-BBBDCCBFA765}.AppStore|Any CPU.Deploy.0 = Release|Any CPU
		{8C57566E-66C7-4711-B1D0-BBBDCCBFA765}.AppStore|ARM.ActiveCfg = Release|Any CPU
		{8C57566E-66C7-4711-B1D0-BBBDCCBFA765}.AppStore|ARM.Build.0 = Release|Any CPU
		{8C57566E-66C7-4711-B1D0-BBBDCCBFA765}.AppStore|ARM.Deploy.0 = Release|Any CPU
		{8C57566E-66C7-4711-B1D0-BBBDCCBFA765}.AppStore|iPhone.ActiveCfg = Release|Any CPU
		{8C57566E-66C7-4711-B1D0-BBBDCCBFA765}.AppStore|iPhone.Build.0 = Release|Any CPU
		{8C57566E-66C7-4711-B1D0-BBBDCCBFA765}.AppStore|iPhone.Deploy.0 = Release|Any CPU
		{8C57566E-66C7-4711-B1D0-BBBDCCBFA765}.AppStore|iPhoneSimulator.ActiveCfg = Release|Any CPU
		{8C57566E-66C7-4711-B1D0-BBBDCCBFA765}.AppStore|iPhoneSimulator.Build.0 = Release|Any CPU
		{8C57566E-66C7-4711-B1D0-BBBDCCBFA765}.AppStore|iPhoneSimulator.Deploy.0 = Release|Any CPU
		{8C57566E-66C7-4711-B1D0-BBBDCCBFA765}.AppStore|x64.ActiveCfg = Release|Any CPU
		{8C57566E-66C7-4711-B1D0-BBBDCCBFA765}.AppStore|x64.Build.0 = Release|Any CPU
		{8C57566E-66C7-4711-B1D0-BBBDCCBFA765}.AppStore|x64.Deploy.0 = Release|Any CPU
		{8C57566E-66C7-4711-B1D0-BBBDCCBFA765}.AppStore|x86.ActiveCfg = Release|Any CPU
		{8C57566E-66C7-4711-B1D0-BBBDCCBFA765}.AppStore|x86.Build.0 = Release|Any CPU
		{8C57566E-66C7-4711-B1D0-BBBDCCBFA765}.AppStore|x86.Deploy.0 = Release|Any CPU
		{8C57566E-66C7-4711-B1D0-BBBDCCBFA765}.Debug|Any CPU.ActiveCfg = Debug|Any CPU
		{8C57566E-66C7-4711-B1D0-BBBDCCBFA765}.Debug|Any CPU.Build.0 = Debug|Any CPU
		{8C57566E-66C7-4711-B1D0-BBBDCCBFA765}.Debug|Any CPU.Deploy.0 = Debug|Any CPU
		{8C57566E-66C7-4711-B1D0-BBBDCCBFA765}.Debug|ARM.ActiveCfg = Debug|Any CPU
		{8C57566E-66C7-4711-B1D0-BBBDCCBFA765}.Debug|ARM.Build.0 = Debug|Any CPU
		{8C57566E-66C7-4711-B1D0-BBBDCCBFA765}.Debug|ARM.Deploy.0 = Debug|Any CPU
		{8C57566E-66C7-4711-B1D0-BBBDCCBFA765}.Debug|iPhone.ActiveCfg = Debug|Any CPU
		{8C57566E-66C7-4711-B1D0-BBBDCCBFA765}.Debug|iPhone.Build.0 = Debug|Any CPU
		{8C57566E-66C7-4711-B1D0-BBBDCCBFA765}.Debug|iPhone.Deploy.0 = Debug|Any CPU
		{8C57566E-66C7-4711-B1D0-BBBDCCBFA765}.Debug|iPhoneSimulator.ActiveCfg = Debug|Any CPU
		{8C57566E-66C7-4711-B1D0-BBBDCCBFA765}.Debug|iPhoneSimulator.Build.0 = Debug|Any CPU
		{8C57566E-66C7-4711-B1D0-BBBDCCBFA765}.Debug|iPhoneSimulator.Deploy.0 = Debug|Any CPU
		{8C57566E-66C7-4711-B1D0-BBBDCCBFA765}.Debug|x64.ActiveCfg = Debug|Any CPU
		{8C57566E-66C7-4711-B1D0-BBBDCCBFA765}.Debug|x64.Build.0 = Debug|Any CPU
		{8C57566E-66C7-4711-B1D0-BBBDCCBFA765}.Debug|x64.Deploy.0 = Debug|Any CPU
		{8C57566E-66C7-4711-B1D0-BBBDCCBFA765}.Debug|x86.ActiveCfg = Debug|Any CPU
		{8C57566E-66C7-4711-B1D0-BBBDCCBFA765}.Debug|x86.Build.0 = Debug|Any CPU
		{8C57566E-66C7-4711-B1D0-BBBDCCBFA765}.Debug|x86.Deploy.0 = Debug|Any CPU
		{8C57566E-66C7-4711-B1D0-BBBDCCBFA765}.Release|Any CPU.ActiveCfg = Release|Any CPU
		{8C57566E-66C7-4711-B1D0-BBBDCCBFA765}.Release|Any CPU.Build.0 = Release|Any CPU
		{8C57566E-66C7-4711-B1D0-BBBDCCBFA765}.Release|Any CPU.Deploy.0 = Release|Any CPU
		{8C57566E-66C7-4711-B1D0-BBBDCCBFA765}.Release|ARM.ActiveCfg = Release|Any CPU
		{8C57566E-66C7-4711-B1D0-BBBDCCBFA765}.Release|ARM.Build.0 = Release|Any CPU
		{8C57566E-66C7-4711-B1D0-BBBDCCBFA765}.Release|ARM.Deploy.0 = Release|Any CPU
		{8C57566E-66C7-4711-B1D0-BBBDCCBFA765}.Release|iPhone.ActiveCfg = Release|Any CPU
		{8C57566E-66C7-4711-B1D0-BBBDCCBFA765}.Release|iPhone.Build.0 = Release|Any CPU
		{8C57566E-66C7-4711-B1D0-BBBDCCBFA765}.Release|iPhone.Deploy.0 = Release|Any CPU
		{8C57566E-66C7-4711-B1D0-BBBDCCBFA765}.Release|iPhoneSimulator.ActiveCfg = Release|Any CPU
		{8C57566E-66C7-4711-B1D0-BBBDCCBFA765}.Release|iPhoneSimulator.Build.0 = Release|Any CPU
		{8C57566E-66C7-4711-B1D0-BBBDCCBFA765}.Release|iPhoneSimulator.Deploy.0 = Release|Any CPU
		{8C57566E-66C7-4711-B1D0-BBBDCCBFA765}.Release|x64.ActiveCfg = Release|Any CPU
		{8C57566E-66C7-4711-B1D0-BBBDCCBFA765}.Release|x64.Build.0 = Release|Any CPU
		{8C57566E-66C7-4711-B1D0-BBBDCCBFA765}.Release|x64.Deploy.0 = Release|Any CPU
		{8C57566E-66C7-4711-B1D0-BBBDCCBFA765}.Release|x86.ActiveCfg = Release|Any CPU
		{8C57566E-66C7-4711-B1D0-BBBDCCBFA765}.Release|x86.Build.0 = Release|Any CPU
		{8C57566E-66C7-4711-B1D0-BBBDCCBFA765}.Release|x86.Deploy.0 = Release|Any CPU
		{08573307-57AA-491B-950A-7E9F02AD23A2}.Ad-Hoc|Any CPU.ActiveCfg = Ad-Hoc|iPhone
		{08573307-57AA-491B-950A-7E9F02AD23A2}.Ad-Hoc|Any CPU.Build.0 = Ad-Hoc|iPhone
		{08573307-57AA-491B-950A-7E9F02AD23A2}.Ad-Hoc|Any CPU.Deploy.0 = Ad-Hoc|iPhone
		{08573307-57AA-491B-950A-7E9F02AD23A2}.Ad-Hoc|ARM.ActiveCfg = Ad-Hoc|iPhone
		{08573307-57AA-491B-950A-7E9F02AD23A2}.Ad-Hoc|ARM.Build.0 = Ad-Hoc|iPhone
		{08573307-57AA-491B-950A-7E9F02AD23A2}.Ad-Hoc|ARM.Deploy.0 = Ad-Hoc|iPhone
		{08573307-57AA-491B-950A-7E9F02AD23A2}.Ad-Hoc|iPhone.ActiveCfg = Ad-Hoc|iPhone
		{08573307-57AA-491B-950A-7E9F02AD23A2}.Ad-Hoc|iPhone.Build.0 = Ad-Hoc|iPhone
		{08573307-57AA-491B-950A-7E9F02AD23A2}.Ad-Hoc|iPhone.Deploy.0 = Ad-Hoc|iPhone
		{08573307-57AA-491B-950A-7E9F02AD23A2}.Ad-Hoc|iPhoneSimulator.ActiveCfg = Ad-Hoc|iPhoneSimulator
		{08573307-57AA-491B-950A-7E9F02AD23A2}.Ad-Hoc|iPhoneSimulator.Build.0 = Ad-Hoc|iPhoneSimulator
		{08573307-57AA-491B-950A-7E9F02AD23A2}.Ad-Hoc|iPhoneSimulator.Deploy.0 = Ad-Hoc|iPhoneSimulator
		{08573307-57AA-491B-950A-7E9F02AD23A2}.Ad-Hoc|x64.ActiveCfg = Ad-Hoc|iPhone
		{08573307-57AA-491B-950A-7E9F02AD23A2}.Ad-Hoc|x64.Build.0 = Ad-Hoc|iPhone
		{08573307-57AA-491B-950A-7E9F02AD23A2}.Ad-Hoc|x64.Deploy.0 = Ad-Hoc|iPhone
		{08573307-57AA-491B-950A-7E9F02AD23A2}.Ad-Hoc|x86.ActiveCfg = Ad-Hoc|iPhone
		{08573307-57AA-491B-950A-7E9F02AD23A2}.Ad-Hoc|x86.Build.0 = Ad-Hoc|iPhone
		{08573307-57AA-491B-950A-7E9F02AD23A2}.Ad-Hoc|x86.Deploy.0 = Ad-Hoc|iPhone
		{08573307-57AA-491B-950A-7E9F02AD23A2}.AppStore|Any CPU.ActiveCfg = AppStore|iPhone
		{08573307-57AA-491B-950A-7E9F02AD23A2}.AppStore|Any CPU.Build.0 = AppStore|iPhone
		{08573307-57AA-491B-950A-7E9F02AD23A2}.AppStore|Any CPU.Deploy.0 = AppStore|iPhone
		{08573307-57AA-491B-950A-7E9F02AD23A2}.AppStore|ARM.ActiveCfg = AppStore|iPhone
		{08573307-57AA-491B-950A-7E9F02AD23A2}.AppStore|ARM.Build.0 = AppStore|iPhone
		{08573307-57AA-491B-950A-7E9F02AD23A2}.AppStore|ARM.Deploy.0 = AppStore|iPhone
		{08573307-57AA-491B-950A-7E9F02AD23A2}.AppStore|iPhone.ActiveCfg = AppStore|iPhone
		{08573307-57AA-491B-950A-7E9F02AD23A2}.AppStore|iPhone.Build.0 = AppStore|iPhone
		{08573307-57AA-491B-950A-7E9F02AD23A2}.AppStore|iPhone.Deploy.0 = AppStore|iPhone
		{08573307-57AA-491B-950A-7E9F02AD23A2}.AppStore|iPhoneSimulator.ActiveCfg = AppStore|iPhoneSimulator
		{08573307-57AA-491B-950A-7E9F02AD23A2}.AppStore|iPhoneSimulator.Build.0 = AppStore|iPhoneSimulator
		{08573307-57AA-491B-950A-7E9F02AD23A2}.AppStore|iPhoneSimulator.Deploy.0 = AppStore|iPhoneSimulator
		{08573307-57AA-491B-950A-7E9F02AD23A2}.AppStore|x64.ActiveCfg = AppStore|iPhone
		{08573307-57AA-491B-950A-7E9F02AD23A2}.AppStore|x64.Build.0 = AppStore|iPhone
		{08573307-57AA-491B-950A-7E9F02AD23A2}.AppStore|x64.Deploy.0 = AppStore|iPhone
		{08573307-57AA-491B-950A-7E9F02AD23A2}.AppStore|x86.ActiveCfg = AppStore|iPhone
		{08573307-57AA-491B-950A-7E9F02AD23A2}.AppStore|x86.Build.0 = AppStore|iPhone
		{08573307-57AA-491B-950A-7E9F02AD23A2}.AppStore|x86.Deploy.0 = AppStore|iPhone
		{08573307-57AA-491B-950A-7E9F02AD23A2}.Debug|Any CPU.ActiveCfg = Debug|iPhoneSimulator
		{08573307-57AA-491B-950A-7E9F02AD23A2}.Debug|Any CPU.Build.0 = Debug|iPhoneSimulator
		{08573307-57AA-491B-950A-7E9F02AD23A2}.Debug|Any CPU.Deploy.0 = Debug|iPhoneSimulator
		{08573307-57AA-491B-950A-7E9F02AD23A2}.Debug|ARM.ActiveCfg = Debug|iPhone
		{08573307-57AA-491B-950A-7E9F02AD23A2}.Debug|ARM.Build.0 = Debug|iPhone
		{08573307-57AA-491B-950A-7E9F02AD23A2}.Debug|ARM.Deploy.0 = Debug|iPhone
		{08573307-57AA-491B-950A-7E9F02AD23A2}.Debug|iPhone.ActiveCfg = Debug|iPhone
		{08573307-57AA-491B-950A-7E9F02AD23A2}.Debug|iPhone.Build.0 = Debug|iPhone
		{08573307-57AA-491B-950A-7E9F02AD23A2}.Debug|iPhone.Deploy.0 = Debug|iPhone
		{08573307-57AA-491B-950A-7E9F02AD23A2}.Debug|iPhoneSimulator.ActiveCfg = Debug|iPhoneSimulator
		{08573307-57AA-491B-950A-7E9F02AD23A2}.Debug|iPhoneSimulator.Build.0 = Debug|iPhoneSimulator
		{08573307-57AA-491B-950A-7E9F02AD23A2}.Debug|iPhoneSimulator.Deploy.0 = Debug|iPhoneSimulator
		{08573307-57AA-491B-950A-7E9F02AD23A2}.Debug|x64.ActiveCfg = Debug|iPhone
		{08573307-57AA-491B-950A-7E9F02AD23A2}.Debug|x64.Build.0 = Debug|iPhone
		{08573307-57AA-491B-950A-7E9F02AD23A2}.Debug|x64.Deploy.0 = Debug|iPhone
		{08573307-57AA-491B-950A-7E9F02AD23A2}.Debug|x86.ActiveCfg = Debug|iPhone
		{08573307-57AA-491B-950A-7E9F02AD23A2}.Debug|x86.Build.0 = Debug|iPhone
		{08573307-57AA-491B-950A-7E9F02AD23A2}.Debug|x86.Deploy.0 = Debug|iPhone
		{08573307-57AA-491B-950A-7E9F02AD23A2}.Release|Any CPU.ActiveCfg = Release|iPhone
		{08573307-57AA-491B-950A-7E9F02AD23A2}.Release|Any CPU.Build.0 = Release|iPhone
		{08573307-57AA-491B-950A-7E9F02AD23A2}.Release|Any CPU.Deploy.0 = Release|iPhone
		{08573307-57AA-491B-950A-7E9F02AD23A2}.Release|ARM.ActiveCfg = Release|iPhone
		{08573307-57AA-491B-950A-7E9F02AD23A2}.Release|ARM.Build.0 = Release|iPhone
		{08573307-57AA-491B-950A-7E9F02AD23A2}.Release|ARM.Deploy.0 = Release|iPhone
		{08573307-57AA-491B-950A-7E9F02AD23A2}.Release|iPhone.ActiveCfg = Release|iPhone
		{08573307-57AA-491B-950A-7E9F02AD23A2}.Release|iPhone.Build.0 = Release|iPhone
		{08573307-57AA-491B-950A-7E9F02AD23A2}.Release|iPhone.Deploy.0 = Release|iPhone
		{08573307-57AA-491B-950A-7E9F02AD23A2}.Release|iPhoneSimulator.ActiveCfg = Release|iPhoneSimulator
		{08573307-57AA-491B-950A-7E9F02AD23A2}.Release|iPhoneSimulator.Build.0 = Release|iPhoneSimulator
		{08573307-57AA-491B-950A-7E9F02AD23A2}.Release|iPhoneSimulator.Deploy.0 = Release|iPhoneSimulator
		{08573307-57AA-491B-950A-7E9F02AD23A2}.Release|x64.ActiveCfg = Release|iPhone
		{08573307-57AA-491B-950A-7E9F02AD23A2}.Release|x64.Build.0 = Release|iPhone
		{08573307-57AA-491B-950A-7E9F02AD23A2}.Release|x64.Deploy.0 = Release|iPhone
		{08573307-57AA-491B-950A-7E9F02AD23A2}.Release|x86.ActiveCfg = Release|iPhone
		{08573307-57AA-491B-950A-7E9F02AD23A2}.Release|x86.Build.0 = Release|iPhone
		{08573307-57AA-491B-950A-7E9F02AD23A2}.Release|x86.Deploy.0 = Release|iPhone
		{BD0419C0-0F93-4CF0-A64B-6A94CBC30A22}.Ad-Hoc|Any CPU.ActiveCfg = Release|x86
		{BD0419C0-0F93-4CF0-A64B-6A94CBC30A22}.Ad-Hoc|Any CPU.Build.0 = Release|x86
		{BD0419C0-0F93-4CF0-A64B-6A94CBC30A22}.Ad-Hoc|Any CPU.Deploy.0 = Release|x86
		{BD0419C0-0F93-4CF0-A64B-6A94CBC30A22}.Ad-Hoc|ARM.ActiveCfg = Release|ARM
		{BD0419C0-0F93-4CF0-A64B-6A94CBC30A22}.Ad-Hoc|ARM.Build.0 = Release|ARM
		{BD0419C0-0F93-4CF0-A64B-6A94CBC30A22}.Ad-Hoc|ARM.Deploy.0 = Release|ARM
		{BD0419C0-0F93-4CF0-A64B-6A94CBC30A22}.Ad-Hoc|iPhone.ActiveCfg = Release|x86
		{BD0419C0-0F93-4CF0-A64B-6A94CBC30A22}.Ad-Hoc|iPhone.Build.0 = Release|x86
		{BD0419C0-0F93-4CF0-A64B-6A94CBC30A22}.Ad-Hoc|iPhone.Deploy.0 = Release|x86
		{BD0419C0-0F93-4CF0-A64B-6A94CBC30A22}.Ad-Hoc|iPhoneSimulator.ActiveCfg = Release|x86
		{BD0419C0-0F93-4CF0-A64B-6A94CBC30A22}.Ad-Hoc|iPhoneSimulator.Build.0 = Release|x86
		{BD0419C0-0F93-4CF0-A64B-6A94CBC30A22}.Ad-Hoc|iPhoneSimulator.Deploy.0 = Release|x86
		{BD0419C0-0F93-4CF0-A64B-6A94CBC30A22}.Ad-Hoc|x64.ActiveCfg = Release|x64
		{BD0419C0-0F93-4CF0-A64B-6A94CBC30A22}.Ad-Hoc|x64.Build.0 = Release|x64
		{BD0419C0-0F93-4CF0-A64B-6A94CBC30A22}.Ad-Hoc|x64.Deploy.0 = Release|x64
		{BD0419C0-0F93-4CF0-A64B-6A94CBC30A22}.Ad-Hoc|x86.ActiveCfg = Release|x86
		{BD0419C0-0F93-4CF0-A64B-6A94CBC30A22}.Ad-Hoc|x86.Build.0 = Release|x86
		{BD0419C0-0F93-4CF0-A64B-6A94CBC30A22}.Ad-Hoc|x86.Deploy.0 = Release|x86
		{BD0419C0-0F93-4CF0-A64B-6A94CBC30A22}.AppStore|Any CPU.ActiveCfg = Release|x86
		{BD0419C0-0F93-4CF0-A64B-6A94CBC30A22}.AppStore|Any CPU.Build.0 = Release|x86
		{BD0419C0-0F93-4CF0-A64B-6A94CBC30A22}.AppStore|Any CPU.Deploy.0 = Release|x86
		{BD0419C0-0F93-4CF0-A64B-6A94CBC30A22}.AppStore|ARM.ActiveCfg = Release|ARM
		{BD0419C0-0F93-4CF0-A64B-6A94CBC30A22}.AppStore|ARM.Build.0 = Release|ARM
		{BD0419C0-0F93-4CF0-A64B-6A94CBC30A22}.AppStore|ARM.Deploy.0 = Release|ARM
		{BD0419C0-0F93-4CF0-A64B-6A94CBC30A22}.AppStore|iPhone.ActiveCfg = Release|x86
		{BD0419C0-0F93-4CF0-A64B-6A94CBC30A22}.AppStore|iPhone.Build.0 = Release|x86
		{BD0419C0-0F93-4CF0-A64B-6A94CBC30A22}.AppStore|iPhone.Deploy.0 = Release|x86
		{BD0419C0-0F93-4CF0-A64B-6A94CBC30A22}.AppStore|iPhoneSimulator.ActiveCfg = Release|x86
		{BD0419C0-0F93-4CF0-A64B-6A94CBC30A22}.AppStore|iPhoneSimulator.Build.0 = Release|x86
		{BD0419C0-0F93-4CF0-A64B-6A94CBC30A22}.AppStore|iPhoneSimulator.Deploy.0 = Release|x86
		{BD0419C0-0F93-4CF0-A64B-6A94CBC30A22}.AppStore|x64.ActiveCfg = Release|x64
		{BD0419C0-0F93-4CF0-A64B-6A94CBC30A22}.AppStore|x64.Build.0 = Release|x64
		{BD0419C0-0F93-4CF0-A64B-6A94CBC30A22}.AppStore|x64.Deploy.0 = Release|x64
		{BD0419C0-0F93-4CF0-A64B-6A94CBC30A22}.AppStore|x86.ActiveCfg = Release|x86
		{BD0419C0-0F93-4CF0-A64B-6A94CBC30A22}.AppStore|x86.Build.0 = Release|x86
		{BD0419C0-0F93-4CF0-A64B-6A94CBC30A22}.AppStore|x86.Deploy.0 = Release|x86
		{BD0419C0-0F93-4CF0-A64B-6A94CBC30A22}.Debug|Any CPU.ActiveCfg = Debug|x86
		{BD0419C0-0F93-4CF0-A64B-6A94CBC30A22}.Debug|Any CPU.Build.0 = Debug|x86
		{BD0419C0-0F93-4CF0-A64B-6A94CBC30A22}.Debug|Any CPU.Deploy.0 = Debug|x86
		{BD0419C0-0F93-4CF0-A64B-6A94CBC30A22}.Debug|ARM.ActiveCfg = Debug|ARM
		{BD0419C0-0F93-4CF0-A64B-6A94CBC30A22}.Debug|ARM.Build.0 = Debug|ARM
		{BD0419C0-0F93-4CF0-A64B-6A94CBC30A22}.Debug|ARM.Deploy.0 = Debug|ARM
		{BD0419C0-0F93-4CF0-A64B-6A94CBC30A22}.Debug|iPhone.ActiveCfg = Debug|x86
		{BD0419C0-0F93-4CF0-A64B-6A94CBC30A22}.Debug|iPhone.Build.0 = Debug|x86
		{BD0419C0-0F93-4CF0-A64B-6A94CBC30A22}.Debug|iPhone.Deploy.0 = Debug|x86
		{BD0419C0-0F93-4CF0-A64B-6A94CBC30A22}.Debug|iPhoneSimulator.ActiveCfg = Debug|x86
		{BD0419C0-0F93-4CF0-A64B-6A94CBC30A22}.Debug|iPhoneSimulator.Build.0 = Debug|x86
		{BD0419C0-0F93-4CF0-A64B-6A94CBC30A22}.Debug|iPhoneSimulator.Deploy.0 = Debug|x86
		{BD0419C0-0F93-4CF0-A64B-6A94CBC30A22}.Debug|x64.ActiveCfg = Debug|x64
		{BD0419C0-0F93-4CF0-A64B-6A94CBC30A22}.Debug|x64.Build.0 = Debug|x64
		{BD0419C0-0F93-4CF0-A64B-6A94CBC30A22}.Debug|x64.Deploy.0 = Debug|x64
		{BD0419C0-0F93-4CF0-A64B-6A94CBC30A22}.Debug|x86.ActiveCfg = Debug|x86
		{BD0419C0-0F93-4CF0-A64B-6A94CBC30A22}.Debug|x86.Build.0 = Debug|x86
		{BD0419C0-0F93-4CF0-A64B-6A94CBC30A22}.Debug|x86.Deploy.0 = Debug|x86
		{BD0419C0-0F93-4CF0-A64B-6A94CBC30A22}.Release|Any CPU.ActiveCfg = Release|x86
		{BD0419C0-0F93-4CF0-A64B-6A94CBC30A22}.Release|Any CPU.Build.0 = Release|x86
		{BD0419C0-0F93-4CF0-A64B-6A94CBC30A22}.Release|Any CPU.Deploy.0 = Release|x86
		{BD0419C0-0F93-4CF0-A64B-6A94CBC30A22}.Release|ARM.ActiveCfg = Release|ARM
		{BD0419C0-0F93-4CF0-A64B-6A94CBC30A22}.Release|ARM.Build.0 = Release|ARM
		{BD0419C0-0F93-4CF0-A64B-6A94CBC30A22}.Release|ARM.Deploy.0 = Release|ARM
		{BD0419C0-0F93-4CF0-A64B-6A94CBC30A22}.Release|iPhone.ActiveCfg = Release|x86
		{BD0419C0-0F93-4CF0-A64B-6A94CBC30A22}.Release|iPhone.Build.0 = Release|x86
		{BD0419C0-0F93-4CF0-A64B-6A94CBC30A22}.Release|iPhone.Deploy.0 = Release|x86
		{BD0419C0-0F93-4CF0-A64B-6A94CBC30A22}.Release|iPhoneSimulator.ActiveCfg = Release|x86
		{BD0419C0-0F93-4CF0-A64B-6A94CBC30A22}.Release|iPhoneSimulator.Build.0 = Release|x86
		{BD0419C0-0F93-4CF0-A64B-6A94CBC30A22}.Release|iPhoneSimulator.Deploy.0 = Release|x86
		{BD0419C0-0F93-4CF0-A64B-6A94CBC30A22}.Release|x64.ActiveCfg = Release|x64
		{BD0419C0-0F93-4CF0-A64B-6A94CBC30A22}.Release|x64.Build.0 = Release|x64
		{BD0419C0-0F93-4CF0-A64B-6A94CBC30A22}.Release|x64.Deploy.0 = Release|x64
		{BD0419C0-0F93-4CF0-A64B-6A94CBC30A22}.Release|x86.ActiveCfg = Release|x86
		{BD0419C0-0F93-4CF0-A64B-6A94CBC30A22}.Release|x86.Build.0 = Release|x86
		{BD0419C0-0F93-4CF0-A64B-6A94CBC30A22}.Release|x86.Deploy.0 = Release|x86
	EndGlobalSection
	GlobalSection(SolutionProperties) = preSolution
		HideSolutionNode = FALSE
	EndGlobalSection
	GlobalSection(ExtensibilityGlobals) = postSolution
		SolutionGuid = {3E0297E8-6671-4EAD-B51D-74E9CB5B4E9B}
	EndGlobalSection
EndGlobal
